
Microsoft Visual Studio Solution File, Format Version 12.00
# Visual Studio Version 17
VisualStudioVersion = 17.11.35327.3
MinimumVisualStudioVersion = 10.0.40219.1
Project("{FAE04EC0-301F-11D3-BF4B-00C04F79EFBC}") = "lab2", "lab2\lab2.csproj", "{4C5EB6B6-2335-4BFE-8596-9157AA8815FC}"
EndProject
Global
	GlobalSection(SolutionConfigurationPlatforms) = preSolution
		Debug|Any CPU = Debug|Any CPU
		Release|Any CPU = Release|Any CPU
	EndGlobalSection
	GlobalSection(ProjectConfigurationPlatforms) = postSolution
		{4C5EB6B6-2335-4BFE-8596-9157AA8815FC}.Debug|Any CPU.ActiveCfg = Debug|Any CPU
		{4C5EB6B6-2335-4BFE-8596-9157AA8815FC}.Debug|Any CPU.Build.0 = Debug|Any CPU
		{4C5EB6B6-2335-4BFE-8596-9157AA8815FC}.Release|Any CPU.ActiveCfg = Release|Any CPU
		{4C5EB6B6-2335-4BFE-8596-9157AA8815FC}.Release|Any CPU.Build.0 = Release|Any CPU
	EndGlobalSection
	GlobalSection(SolutionProperties) = preSolution
		HideSolutionNode = FALSE
	EndGlobalSection
	GlobalSection(ExtensibilityGlobals) = postSolution
		SolutionGuid = {1067532A-5E47-4A6C-95DF-1BA82F1FB9AB}
	EndGlobalSection
EndGlobal
